// !$*UTF8*$!
{
	archiveVersion = 1;
	classes = {
	};
	objectVersion = 46;
	objects = {

/* Begin PBXBuildFile section */
		1417586A1C3233F400216328 /* main.m in Sources */ = {isa = PBXBuildFile; fileRef = 141758691C3233F400216328 /* main.m */; };
		1417586D1C3233F400216328 /* AppDelegate.m in Sources */ = {isa = PBXBuildFile; fileRef = 1417586C1C3233F400216328 /* AppDelegate.m */; };
		141758701C3233F400216328 /* ViewController.m in Sources */ = {isa = PBXBuildFile; fileRef = 1417586F1C3233F400216328 /* ViewController.m */; };
		141758731C3233F400216328 /* Main.storyboard in Resources */ = {isa = PBXBuildFile; fileRef = 141758711C3233F400216328 /* Main.storyboard */; };
		141758751C3233F400216328 /* Assets.xcassets in Resources */ = {isa = PBXBuildFile; fileRef = 141758741C3233F400216328 /* Assets.xcassets */; };
		141758781C3233F400216328 /* LaunchScreen.storyboard in Resources */ = {isa = PBXBuildFile; fileRef = 141758761C3233F400216328 /* LaunchScreen.storyboard */; };
/* End PBXBuildFile section */

/* Begin PBXFileReference section */
		141758651C3233F400216328 /* tableViewDelegate.app */ = {isa = PBXFileReference; explicitFileType = wrapper.application; includeInIndex = 0; path = tableViewDelegate.app; sourceTree = BUILT_PRODUCTS_DIR; };
		141758691C3233F400216328 /* main.m */ = {isa = PBXFileReference; lastKnownFileType = sourcecode.c.objc; path = main.m; sourceTree = "<group>"; };
		1417586B1C3233F400216328 /* AppDelegate.h */ = {isa = PBXFileReference; lastKnownFileType = sourcecode.c.h; path = AppDelegate.h; sourceTree = "<group>"; };
		1417586C1C3233F400216328 /* AppDelegate.m */ = {isa = PBXFileReference; lastKnownFileType = sourcecode.c.objc; path = AppDelegate.m; sourceTree = "<group>"; };
		1417586E1C3233F400216328 /* ViewController.h */ = {isa = PBXFileReference; lastKnownFileType = sourcecode.c.h; path = ViewController.h; sourceTree = "<group>"; };
		1417586F1C3233F400216328 /* ViewController.m */ = {isa = PBXFileReference; lastKnownFileType = sourcecode.c.objc; path = ViewController.m; sourceTree = "<group>"; };
		141758721C3233F400216328 /* Base */ = {isa = PBXFileReference; lastKnownFileType = file.storyboard; name = Base; path = Base.lproj/Main.storyboard; sourceTree = "<group>"; };
		141758741C3233F400216328 /* Assets.xcassets */ = {isa = PBXFileReference; lastKnownFileType = folder.assetcatalog; path = Assets.xcassets; sourceTree = "<group>"; };
		141758771C3233F400216328 /* Base */ = {isa = PBXFileReference; lastKnownFileType = file.storyboard; name = Base; path = Base.lproj/LaunchScreen.storyboard; sourceTree = "<group>"; };
		141758791C3233F400216328 /* Info.plist */ = {isa = PBXFileReference; lastKnownFileType = text.plist.xml; path = Info.plist; sourceTree = "<group>"; };
/* End PBXFileReference section */

/* Begin PBXFrameworksBuildPhase section */
		141758621C3233F400216328 /* Frameworks */ = {
			isa = PBXFrameworksBuildPhase;
			buildActionMask = 2147483647;
			files = (
			);
			runOnlyForDeploymentPostprocessing = 0;
		};
/* End PBXFrameworksBuildPhase section */

/* Begin PBXGroup section */
		1417585C1C3233F400216328 = {
			isa = PBXGroup;
			children = (
				141758671C3233F400216328 /* tableViewDelegate */,
				141758661C3233F400216328 /* Products */,
			);
			sourceTree = "<group>";
		};
		141758661C3233F400216328 /* Products */ = {
			isa = PBXGroup;
			children = (
				141758651C3233F400216328 /* tableViewDelegate.app */,
			);
			name = Products;
			sourceTree = "<group>";
		};
		141758671C3233F400216328 /* tableViewDelegate */ = {
			isa = PBXGroup;
			children = (
				1417586B1C3233F400216328 /* AppDelegate.h */,
				1417586C1C3233F400216328 /* AppDelegate.m */,
				1417586E1C3233F400216328 /* ViewController.h */,
				1417586F1C3233F400216328 /* ViewController.m */,
				141758711C3233F400216328 /* Main.storyboard */,
				141758741C3233F400216328 /* Assets.xcassets */,
				141758761C3233F400216328 /* LaunchScreen.storyboard */,
				141758791C3233F400216328 /* Info.plist */,
				141758681C3233F400216328 /* Supporting Files */,
			);
			path = tableViewDelegate;
			sourceTree = "<group>";
		};
		141758681C3233F400216328 /* Supporting Files */ = {
			isa = PBXGroup;
			children = (
				141758691C3233F400216328 /* main.m */,
			);
			name = "Supporting Files";
			sourceTree = "<group>";
		};
/* End PBXGroup section */

/* Begin PBXNativeTarget section */
		141758641C3233F400216328 /* tableViewDelegate */ = {
			isa = PBXNativeTarget;
			buildConfigurationList = 1417587C1C3233F400216328 /* Build configuration list for PBXNativeTarget "tableViewDelegate" */;
			buildPhases = (
				141758611C3233F400216328 /* Sources */,
				141758621C3233F400216328 /* Frameworks */,
				141758631C3233F400216328 /* Resources */,
			);
			buildRules = (
			);
			dependencies = (
			);
			name = tableViewDelegate;
			productName = tableViewDelegate;
			productReference = 141758651C3233F400216328 /* tableViewDelegate.app */;
			productType = "com.apple.product-type.application";
		};
/* End PBXNativeTarget section */

/* Begin PBXProject section */
		1417585D1C3233F400216328 /* Project object */ = {
			isa = PBXProject;
			attributes = {
				LastUpgradeCheck = 0720;
				ORGANIZATIONNAME = "张健恒";
				TargetAttributes = {
					141758641C3233F400216328 = {
						CreatedOnToolsVersion = 7.2;
					};
				};
			};
			buildConfigurationList = 141758601C3233F400216328 /* Build configuration list for PBXProject "tableViewDelegate" */;
			compatibilityVersion = "Xcode 3.2";
			developmentRegion = English;
			hasScannedForEncodings = 0;
			knownRegions = (
				en,
				Base,
			);
			mainGroup = 1417585C1C3233F400216328;
			productRefGroup = 141758661C3233F400216328 /* Products */;
			projectDirPath = "";
			projectRoot = "";
			targets = (
				141758641C3233F400216328 /* tableViewDelegate */,
			);
		};
/* End PBXProject section */

/* Begin PBXResourcesBuildPhase section */
		141758631C3233F400216328 /* Resources */ = {
			isa = PBXResourcesBuildPhase;
			buildActionMask = 2147483647;
			files = (
				141758781C3233F400216328 /* LaunchScreen.storyboard in Resources */,
				141758751C3233F400216328 /* Assets.xcassets in Resources */,
				141758731C3233F400216328 /* Main.storyboard in Resources */,
			);
			runOnlyForDeploymentPostprocessing = 0;
		};
/* End PBXResourcesBuildPhase section */

/* Begin PBXSourcesBuildPhase section */
		141758611C3233F400216328 /* Sources */ = {
			isa = PBXSourcesBuildPhase;
			buildActionMask = 2147483647;
			files = (
				141758701C3233F400216328 /* ViewController.m in Sources */,
				1417586D1C3233F400216328 /* AppDelegate.m in Sources */,
				1417586A1C3233F400216328 /* main.m in Sources */,
			);
			runOnlyForDeploymentPostprocessing = 0;
		};
/* End PBXSourcesBuildPhase section */

/* Begin PBXVariantGroup section */
		141758711C3233F400216328 /* Main.storyboard */ = {
			isa = PBXVariantGroup;
			children = (
				141758721C3233F400216328 /* Base */,
			);
			name = Main.storyboard;
			sourceTree = "<group>";
		};
		141758761C3233F400216328 /* LaunchScreen.storyboard */ = {
			isa = PBXVariantGroup;
			children = (
				141758771C3233F400216328 /* Base */,
			);
			name = LaunchScreen.storyboard;
			sourceTree = "<group>";
		};
/* End PBXVariantGroup section */

/* Begin XCBuildConfiguration section */
		1417587A1C3233F400216328 /* Debug */ = {
			isa = XCBuildConfiguration;
			buildSettings = {
				ALWAYS_SEARCH_USER_PATHS = NO;
				CLANG_CXX_LANGUAGE_STANDARD = "gnu++0x";
				CLANG_CXX_LIBRARY = "libc++";
				CLANG_ENABLE_MODULES = YES;
				CLANG_ENABLE_OBJC_ARC = YES;
				CLANG_WARN_BOOL_CONVERSION = YES;
				CLANG_WARN_CONSTANT_CONVERSION = YES;
				CLANG_WARN_DIRECT_OBJC_ISA_USAGE = YES_ERROR;
				CLANG_WARN_EMPTY_BODY = YES;
				CLANG_WARN_ENUM_CONVERSION = YES;
				CLANG_WARN_INT_CONVERSION = YES;
				CLANG_WARN_OBJC_ROOT_CLASS = YES_ERROR;
				CLANG_WARN_UNREACHABLE_CODE = YES;
				CLANG_WARN__DUPLICATE_METHOD_MATCH = YES;
				"CODE_SIGN_IDENTITY[sdk=iphoneos*]" = "iPhone Developer";
				COPY_PHASE_STRIP = NO;
				DEBUG_INFORMATION_FORMAT = dwarf;
				ENABLE_STRICT_OBJC_MSGSEND = YES;
				ENABLE_TESTABILITY = YES;
				GCC_C_LANGUAGE_STANDARD = gnu99;
				GCC_DYNAMIC_NO_PIC = NO;
				GCC_NO_COMMON_BLOCKS = YES;
				GCC_OPTIMIZATION_LEVEL = 0;
				GCC_PREPROCESSOR_DEFINITIONS = (
					"DEBUG=1",
					"$(inherited)",
				);
				GCC_WARN_64_TO_32_BIT_CONVERSION = YES;
				GCC_WARN_ABOUT_RETURN_TYPE = YES_ERROR;
				GCC_WARN_UNDECLARED_SELECTOR = YES;
				GCC_WARN_UNINITIALIZED_AUTOS = YES_AGGRESSIVE;
				GCC_WARN_UNUSED_FUNCTION = YES;
				GCC_WARN_UNUSED_VARIABLE = YES;
				IPHONEOS_DEPLOYMENT_TARGET = 9.2;
				MTL_ENABLE_DEBUG_INFO = YES;
				ONLY_ACTIVE_ARCH = YES;
				SDKROOT = iphoneos;
				TARGETED_DEVICE_FAMILY = "1,2";
			};
			name = Debug;
		};
		1417587B1C3233F400216328 /* Release */ = {
			isa = XCBuildConfiguration;
			buildSettings = {
				ALWAYS_SEARCH_USER_PATHS = NO;
				CLANG_CXX_LANGUAGE_STANDARD = "gnu++0x";
				CLANG_CXX_LIBRARY = "libc++";
				CLANG_ENABLE_MODULES = YES;
				CLANG_ENABLE_OBJC_ARC = YES;
				CLANG_WARN_BOOL_CONVERSION = YES;
				CLANG_WARN_CONSTANT_CONVERSION = YES;
				CLANG_WARN_DIRECT_OBJC_ISA_USAGE = YES_ERROR;
				CLANG_WARN_EMPTY_BODY = YES;
				CLANG_WARN_ENUM_CONVERSION = YES;
				CLANG_WARN_INT_CONVERSION = YES;
				CLANG_WARN_OBJC_ROOT_CLASS = YES_ERROR;
				CLANG_WARN_UNREACHABLE_CODE = YES;
				CLANG_WARN__DUPLICATE_METHOD_MATCH = YES;
				"CODE_SIGN_IDENTITY[sdk=iphoneos*]" = "iPhone Developer";
				COPY_PHASE_STRIP = NO;
				DEBUG_INFORMATION_FORMAT = "dwarf-with-dsym";
				ENABLE_NS_ASSERTIONS = NO;
				ENABLE_STRICT_OBJC_MSGSEND = YES;
				GCC_C_LANGUAGE_STANDARD = gnu99;
				GCC_NO_COMMON_BLOCKS = YES;
				GCC_WARN_64_TO_32_BIT_CONVERSION = YES;
				GCC_WARN_ABOUT_RETURN_TYPE = YES_ERROR;
				GCC_WARN_UNDECLARED_SELECTOR = YES;
				GCC_WARN_UNINITIALIZED_AUTOS = YES_AGGRESSIVE;
				GCC_WARN_UNUSED_FUNCTION = YES;
				GCC_WARN_UNUSED_VARIABLE = YES;
				IPHONEOS_DEPLOYMENT_TARGET = 9.2;
				MTL_ENABLE_DEBUG_INFO = NO;
				SDKROOT = iphoneos;
				TARGETED_DEVICE_FAMILY = "1,2";
				VALIDATE_PRODUCT = YES;
			};
			name = Release;
		};
		1417587D1C3233F400216328 /* Debug */ = {
			isa = XCBuildConfiguration;
			buildSettings = {
				ASSETCATALOG_COMPILER_APPICON_NAME = AppIcon;
				INFOPLIST_FILE = tableViewDelegate/Info.plist;
				LD_RUNPATH_SEARCH_PATHS = "$(inherited) @executable_path/Frameworks";
				PRODUCT_BUNDLE_IDENTIFIER = eshuiliao.tableViewDelegate;
				PRODUCT_NAME = "$(TARGET_NAME)";
			};
			name = Debug;
		};
		1417587E1C3233F400216328 /* Release */ = {
			isa = XCBuildConfiguration;
			buildSettings = {
				ASSETCATALOG_COMPILER_APPICON_NAME = AppIcon;
				INFOPLIST_FILE = tableViewDelegate/Info.plist;
				LD_RUNPATH_SEARCH_PATHS = "$(inherited) @executable_path/Frameworks";
				PRODUCT_BUNDLE_IDENTIFIER = eshuiliao.tableViewDelegate;
				PRODUCT_NAME = "$(TARGET_NAME)";
			};
			name = Release;
		};
/* End XCBuildConfiguration section */

/* Begin XCConfigurationList section */
		141758601C3233F400216328 /* Build configuration list for PBXProject "tableViewDelegate" */ = {
			isa = XCConfigurationList;
			buildConfigurations = (
				1417587A1C3233F400216328 /* Debug */,
				1417587B1C3233F400216328 /* Release */,
			);
			defaultConfigurationIsVisible = 0;
			defaultConfigurationName = Release;
		};
		1417587C1C3233F400216328 /* Build configuration list for PBXNativeTarget "tableViewDelegate" */ = {
			isa = XCConfigurationList;
			buildConfigurations = (
				1417587D1C3233F400216328 /* Debug */,
				1417587E1C3233F400216328 /* Release */,
			);
			defaultConfigurationIsVisible = 0;
		};
/* End XCConfigurationList section */
	};
	rootObject = 1417585D1C3233F400216328 /* Project object */;
}
